
Microsoft Visual Studio Solution File, Format Version 12.00
# Visual Studio Version 17
VisualStudioVersion = 17.11.35219.272
MinimumVisualStudioVersion = 10.0.40219.1
Project("{FAE04EC0-301F-11D3-BF4B-00C04F79EFBC}") = "TicketManagement", "TicketManagement\TicketManagement.csproj", "{6B033CCB-F916-45B1-BBCA-4424C39F520B}"
EndProject
Project("{FAE04EC0-301F-11D3-BF4B-00C04F79EFBC}") = "TicketTest", "TicketTest\TicketTest.csproj", "{AA2C7BBE-87E2-4934-AD83-487057D6F116}"
EndProject
Project("{FAE04EC0-301F-11D3-BF4B-00C04F79EFBC}") = "TicketsAutoTest", "TicketsAutoTest\TicketsAutoTest.csproj", "{A47D8FDD-5A43-4D4D-A1E3-FFCD54517B31}"
EndProject
Global
	GlobalSection(SolutionConfigurationPlatforms) = preSolution
		Debug|Any CPU = Debug|Any CPU
		Release|Any CPU = Release|Any CPU
	EndGlobalSection
	GlobalSection(ProjectConfigurationPlatforms) = postSolution
		{6B033CCB-F916-45B1-BBCA-4424C39F520B}.Debug|Any CPU.ActiveCfg = Debug|Any CPU
		{6B033CCB-F916-45B1-BBCA-4424C39F520B}.Debug|Any CPU.Build.0 = Debug|Any CPU
		{6B033CCB-F916-45B1-BBCA-4424C39F520B}.Release|Any CPU.ActiveCfg = Release|Any CPU
		{6B033CCB-F916-45B1-BBCA-4424C39F520B}.Release|Any CPU.Build.0 = Release|Any CPU
		{AA2C7BBE-87E2-4934-AD83-487057D6F116}.Debug|Any CPU.ActiveCfg = Debug|Any CPU
		{AA2C7BBE-87E2-4934-AD83-487057D6F116}.Debug|Any CPU.Build.0 = Debug|Any CPU
		{AA2C7BBE-87E2-4934-AD83-487057D6F116}.Release|Any CPU.ActiveCfg = Release|Any CPU
		{AA2C7BBE-87E2-4934-AD83-487057D6F116}.Release|Any CPU.Build.0 = Release|Any CPU
		{A47D8FDD-5A43-4D4D-A1E3-FFCD54517B31}.Debug|Any CPU.ActiveCfg = Debug|Any CPU
		{A47D8FDD-5A43-4D4D-A1E3-FFCD54517B31}.Debug|Any CPU.Build.0 = Debug|Any CPU
		{A47D8FDD-5A43-4D4D-A1E3-FFCD54517B31}.Release|Any CPU.ActiveCfg = Release|Any CPU
		{A47D8FDD-5A43-4D4D-A1E3-FFCD54517B31}.Release|Any CPU.Build.0 = Release|Any CPU
	EndGlobalSection
	GlobalSection(SolutionProperties) = preSolution
		HideSolutionNode = FALSE
	EndGlobalSection
	GlobalSection(ExtensibilityGlobals) = postSolution
		SolutionGuid = {528B2F69-FD1B-4E91-A307-EADD8ED00E3A}
	EndGlobalSection
EndGlobal
